Microsoft Visual Studio Solution File, Format Version 10.00
# Visual Studio 2008
Project("{8BC9CEB8-8B4A-11D0-8D11-00A0C91BC942}") = "X-FLR6", "X-FLR6.vcproj", "{908C1FD4-78C9-4A85-A225-442BF5024E02}"
EndProject
Project("{2150E333-8FDC-42A3-9474-1A3956D46DE8}") = "Solution Items", "Solution Items", "{EAF71A21-F12C-4639-9F8A-8D6D7E8A0BF3}"
EndProject
Global
	GlobalSection(SolutionConfigurationPlatforms) = preSolution
		Debug|Win32 = Debug|Win32
		Release|Win32 = Release|Win32
		ReleaseXPPro|Win32 = ReleaseXPPro|Win32
	EndGlobalSection
	GlobalSection(ProjectConfigurationPlatforms) = postSolution
		{908C1FD4-78C9-4A85-A225-442BF5024E02}.Debug|Win32.ActiveCfg = Debug|Win32
		{908C1FD4-78C9-4A85-A225-442BF5024E02}.Debug|Win32.Build.0 = Debug|Win32
		{908C1FD4-78C9-4A85-A225-442BF5024E02}.Release|Win32.ActiveCfg = Release|Win32
		{908C1FD4-78C9-4A85-A225-442BF5024E02}.Release|Win32.Build.0 = Release|Win32
		{908C1FD4-78C9-4A85-A225-442BF5024E02}.ReleaseXPPro|Win32.ActiveCfg = ReleaseXPPro|Win32
		{908C1FD4-78C9-4A85-A225-442BF5024E02}.ReleaseXPPro|Win32.Build.0 = ReleaseXPPro|Win32
	EndGlobalSection
	GlobalSection(SolutionProperties) = preSolution
		HideSolutionNode = FALSE
	EndGlobalSection
EndGlobal
